
Microsoft Visual Studio Solution File, Format Version 12.00
# Visual Studio Version 17
VisualStudioVersion = 17.2.32616.157
MinimumVisualStudioVersion = 10.0.40219.1
Project("{FAE04EC0-301F-11D3-BF4B-00C04F79EFBC}") = "SCK.Logic", "SCK.Logic\SCK.Logic.csproj", "{221FDF72-781F-4E74-AE67-04AB0B183C74}"
EndProject
Project("{FAE04EC0-301F-11D3-BF4B-00C04F79EFBC}") = "SCK.Test", "SCK.Test\SCK.Test.csproj", "{0ECA8AF1-ECBE-4711-BCA2-39EB6C8C7148}"
EndProject
Global
	GlobalSection(SolutionConfigurationPlatforms) = preSolution
		Debug|Any CPU = Debug|Any CPU
		Release|Any CPU = Release|Any CPU
	EndGlobalSection
	GlobalSection(ProjectConfigurationPlatforms) = postSolution
		{221FDF72-781F-4E74-AE67-04AB0B183C74}.Debug|Any CPU.ActiveCfg = Debug|Any CPU
		{221FDF72-781F-4E74-AE67-04AB0B183C74}.Debug|Any CPU.Build.0 = Debug|Any CPU
		{221FDF72-781F-4E74-AE67-04AB0B183C74}.Release|Any CPU.ActiveCfg = Release|Any CPU
		{221FDF72-781F-4E74-AE67-04AB0B183C74}.Release|Any CPU.Build.0 = Release|Any CPU
		{0ECA8AF1-ECBE-4711-BCA2-39EB6C8C7148}.Debug|Any CPU.ActiveCfg = Debug|Any CPU
		{0ECA8AF1-ECBE-4711-BCA2-39EB6C8C7148}.Debug|Any CPU.Build.0 = Debug|Any CPU
		{0ECA8AF1-ECBE-4711-BCA2-39EB6C8C7148}.Release|Any CPU.ActiveCfg = Release|Any CPU
		{0ECA8AF1-ECBE-4711-BCA2-39EB6C8C7148}.Release|Any CPU.Build.0 = Release|Any CPU
	EndGlobalSection
	GlobalSection(SolutionProperties) = preSolution
		HideSolutionNode = FALSE
	EndGlobalSection
	GlobalSection(ExtensibilityGlobals) = postSolution
		SolutionGuid = {79E71B9A-2712-44BF-9ED0-944876BA5B15}
	EndGlobalSection
EndGlobal
